
Microsoft Visual Studio Solution File, Format Version 12.00
# Visual Studio 2012
Project("{FAE04EC0-301F-11D3-BF4B-00C04F79EFBC}") = "zp8", "zp8\zp8.csproj", "{8547BF5A-7C84-41F4-AFDB-F039A6F557DD}"
EndProject
Project("{FAE04EC0-301F-11D3-BF4B-00C04F79EFBC}") = "DAWizard", "DAWizard\DAWizard.csproj", "{94955608-38E0-43BE-AE73-0C16012E7445}"
EndProject
Project("{FAE04EC0-301F-11D3-BF4B-00C04F79EFBC}") = "PdfSharp", "PdfSharp\PdfSharp.csproj", "{5384CE57-1F94-4D22-860D-2E9C1AC12DDF}"
EndProject
Project("{FAE04EC0-301F-11D3-BF4B-00C04F79EFBC}") = "PropertyGridEx", "PropertyGridEx\PropertyGridEx.csproj", "{B0BB47F2-21C4-41FC-B6E6-40757ADFC4A1}"
EndProject
Project("{54435603-DBB4-11D2-8724-00A0C9A8B90C}") = "zpevnik-instpc", "zpevnik-instpc\zpevnik-instpc.vdproj", "{A3DC4B6D-A68C-4D95-A180-35D4C43CB6A4}"
EndProject
Project("{FAE04EC0-301F-11D3-BF4B-00C04F79EFBC}") = "zp8.install", "zp8.install\zp8.install.csproj", "{5DB360C1-9493-4343-A4DF-D243320DA85A}"
EndProject
Project("{FAE04EC0-301F-11D3-BF4B-00C04F79EFBC}") = "DatAdmin.Framework", "DatAdmin.Framework\DatAdmin.Framework.csproj", "{5D983A69-5556-45CF-B4E1-BF78CFF9FD15}"
EndProject
Project("{FAE04EC0-301F-11D3-BF4B-00C04F79EFBC}") = "ICSharpCode.TextEditor", "ICSharpCode.TextEditor\ICSharpCode.TextEditor.csproj", "{2D18BE89-D210-49EB-A9DD-2246FBB3DF6D}"
EndProject
Project("{FAE04EC0-301F-11D3-BF4B-00C04F79EFBC}") = "AlpineSoft.EZRSA", "EZRSA\AlpineSoft.EZRSA.csproj", "{EE475F12-4BA4-4DBD-8E69-695808C0EB71}"
EndProject
Project("{FAE04EC0-301F-11D3-BF4B-00C04F79EFBC}") = "ObjectListView2008", "ObjectListView\ObjectListView2008.csproj", "{18FEDA0C-D147-4286-B39A-01204808106A}"
EndProject
Global
	GlobalSection(SolutionConfigurationPlatforms) = preSolution
		Debug|Any CPU = Debug|Any CPU
		Release|Any CPU = Release|Any CPU
	EndGlobalSection
	GlobalSection(ProjectConfigurationPlatforms) = postSolution
		{8547BF5A-7C84-41F4-AFDB-F039A6F557DD}.Debug|Any CPU.ActiveCfg = Debug|Any CPU
		{8547BF5A-7C84-41F4-AFDB-F039A6F557DD}.Debug|Any CPU.Build.0 = Debug|Any CPU
		{8547BF5A-7C84-41F4-AFDB-F039A6F557DD}.Release|Any CPU.ActiveCfg = Release|Any CPU
		{8547BF5A-7C84-41F4-AFDB-F039A6F557DD}.Release|Any CPU.Build.0 = Release|Any CPU
		{94955608-38E0-43BE-AE73-0C16012E7445}.Debug|Any CPU.ActiveCfg = Debug|Any CPU
		{94955608-38E0-43BE-AE73-0C16012E7445}.Debug|Any CPU.Build.0 = Debug|Any CPU
		{94955608-38E0-43BE-AE73-0C16012E7445}.Release|Any CPU.ActiveCfg = Release|Any CPU
		{94955608-38E0-43BE-AE73-0C16012E7445}.Release|Any CPU.Build.0 = Release|Any CPU
		{5384CE57-1F94-4D22-860D-2E9C1AC12DDF}.Debug|Any CPU.ActiveCfg = Debug|Any CPU
		{5384CE57-1F94-4D22-860D-2E9C1AC12DDF}.Debug|Any CPU.Build.0 = Debug|Any CPU
		{5384CE57-1F94-4D22-860D-2E9C1AC12DDF}.Release|Any CPU.ActiveCfg = Release|Any CPU
		{5384CE57-1F94-4D22-860D-2E9C1AC12DDF}.Release|Any CPU.Build.0 = Release|Any CPU
		{B0BB47F2-21C4-41FC-B6E6-40757ADFC4A1}.Debug|Any CPU.ActiveCfg = Debug|Any CPU
		{B0BB47F2-21C4-41FC-B6E6-40757ADFC4A1}.Debug|Any CPU.Build.0 = Debug|Any CPU
		{B0BB47F2-21C4-41FC-B6E6-40757ADFC4A1}.Release|Any CPU.ActiveCfg = Release|Any CPU
		{B0BB47F2-21C4-41FC-B6E6-40757ADFC4A1}.Release|Any CPU.Build.0 = Release|Any CPU
		{A3DC4B6D-A68C-4D95-A180-35D4C43CB6A4}.Debug|Any CPU.ActiveCfg = Debug
		{A3DC4B6D-A68C-4D95-A180-35D4C43CB6A4}.Release|Any CPU.ActiveCfg = Release
		{5DB360C1-9493-4343-A4DF-D243320DA85A}.Debug|Any CPU.ActiveCfg = Debug|Any CPU
		{5DB360C1-9493-4343-A4DF-D243320DA85A}.Debug|Any CPU.Build.0 = Debug|Any CPU
		{5DB360C1-9493-4343-A4DF-D243320DA85A}.Release|Any CPU.ActiveCfg = Release|Any CPU
		{5DB360C1-9493-4343-A4DF-D243320DA85A}.Release|Any CPU.Build.0 = Release|Any CPU
		{5D983A69-5556-45CF-B4E1-BF78CFF9FD15}.Debug|Any CPU.ActiveCfg = Debug|Any CPU
		{5D983A69-5556-45CF-B4E1-BF78CFF9FD15}.Debug|Any CPU.Build.0 = Debug|Any CPU
		{5D983A69-5556-45CF-B4E1-BF78CFF9FD15}.Release|Any CPU.ActiveCfg = Release|Any CPU
		{5D983A69-5556-45CF-B4E1-BF78CFF9FD15}.Release|Any CPU.Build.0 = Release|Any CPU
		{2D18BE89-D210-49EB-A9DD-2246FBB3DF6D}.Debug|Any CPU.ActiveCfg = Debug|Any CPU
		{2D18BE89-D210-49EB-A9DD-2246FBB3DF6D}.Debug|Any CPU.Build.0 = Debug|Any CPU
		{2D18BE89-D210-49EB-A9DD-2246FBB3DF6D}.Release|Any CPU.ActiveCfg = Release|Any CPU
		{2D18BE89-D210-49EB-A9DD-2246FBB3DF6D}.Release|Any CPU.Build.0 = Release|Any CPU
		{EE475F12-4BA4-4DBD-8E69-695808C0EB71}.Debug|Any CPU.ActiveCfg = Debug|Any CPU
		{EE475F12-4BA4-4DBD-8E69-695808C0EB71}.Debug|Any CPU.Build.0 = Debug|Any CPU
		{EE475F12-4BA4-4DBD-8E69-695808C0EB71}.Release|Any CPU.ActiveCfg = Release|Any CPU
		{EE475F12-4BA4-4DBD-8E69-695808C0EB71}.Release|Any CPU.Build.0 = Release|Any CPU
		{18FEDA0C-D147-4286-B39A-01204808106A}.Debug|Any CPU.ActiveCfg = Debug|Any CPU
		{18FEDA0C-D147-4286-B39A-01204808106A}.Debug|Any CPU.Build.0 = Debug|Any CPU
		{18FEDA0C-D147-4286-B39A-01204808106A}.Release|Any CPU.ActiveCfg = Release|Any CPU
		{18FEDA0C-D147-4286-B39A-01204808106A}.Release|Any CPU.Build.0 = Release|Any CPU
	EndGlobalSection
	GlobalSection(SolutionProperties) = preSolution
		HideSolutionNode = FALSE
	EndGlobalSection
	GlobalSection(SubversionScc) = preSolution
		Svn-Managed = True
		Manager = AnkhSVN - Subversion Support for Visual Studio
	EndGlobalSection
EndGlobal
